
Microsoft Visual Studio Solution File, Format Version 12.00
# Visual Studio Version 16
VisualStudioVersion = 16.0.30517.126
MinimumVisualStudioVersion = 10.0.40219.1
Project("{9A19103F-16F7-4668-BE54-9A1E7A4F7556}") = "5HeadBot", "5HeadBot\5HeadBot.csproj", "{B0F9FE01-DFDD-48C3-86F5-3B1D1C06225B}"
EndProject
Project("{FAE04EC0-301F-11D3-BF4B-00C04F79EFBC}") = "5HeadBot.Tests", "5HeadBot.Tests\5HeadBot.Tests.csproj", "{DFD43234-8F7F-49A4-8CC8-03EDF7F2F3C5}"
EndProject
Global
	GlobalSection(SolutionConfigurationPlatforms) = preSolution
		Debug|Any CPU = Debug|Any CPU
		Release|Any CPU = Release|Any CPU
	EndGlobalSection
	GlobalSection(ProjectConfigurationPlatforms) = postSolution
		{B0F9FE01-DFDD-48C3-86F5-3B1D1C06225B}.Debug|Any CPU.ActiveCfg = Debug|Any CPU
		{B0F9FE01-DFDD-48C3-86F5-3B1D1C06225B}.Debug|Any CPU.Build.0 = Debug|Any CPU
		{B0F9FE01-DFDD-48C3-86F5-3B1D1C06225B}.Release|Any CPU.ActiveCfg = Release|Any CPU
		{B0F9FE01-DFDD-48C3-86F5-3B1D1C06225B}.Release|Any CPU.Build.0 = Release|Any CPU
		{DFD43234-8F7F-49A4-8CC8-03EDF7F2F3C5}.Debug|Any CPU.ActiveCfg = Debug|Any CPU
		{DFD43234-8F7F-49A4-8CC8-03EDF7F2F3C5}.Debug|Any CPU.Build.0 = Debug|Any CPU
		{DFD43234-8F7F-49A4-8CC8-03EDF7F2F3C5}.Release|Any CPU.ActiveCfg = Release|Any CPU
		{DFD43234-8F7F-49A4-8CC8-03EDF7F2F3C5}.Release|Any CPU.Build.0 = Release|Any CPU
	EndGlobalSection
	GlobalSection(SolutionProperties) = preSolution
		HideSolutionNode = FALSE
	EndGlobalSection
	GlobalSection(ExtensibilityGlobals) = postSolution
		SolutionGuid = {BB1CF934-DA5F-48C0-B12D-A43A802E63B7}
	EndGlobalSection
EndGlobal
